{
    "_readme": [
        "This file locks the dependencies of your project to a known state",
        "Read more about it at https://getcomposer.org/doc/01-basic-usage.md#installing-dependencies",
        "This file is @generated automatically"
    ],
    "content-hash": "0e7b4e67c401145a30310799db77013c",
    "packages": [
        {
            "name": "guzzlehttp/guzzle",
            "version": "6.5.x-dev",
            "source": {
                "type": "git",
                "url": "https://github.com/guzzle/guzzle.git",
                "reference": "e8ed4dbf49b260ff129ff0e0400718c3269971bf"
            },
            "dist": {
                "type": "zip",
                "url": "https://api.github.com/repos/guzzle/guzzle/zipball/e8ed4dbf49b260ff129ff0e0400718c3269971bf",
                "reference": "e8ed4dbf49b260ff129ff0e0400718c3269971bf",
                "shasum": ""
            },
            "require": {
                "ext-json": "*",
                "guzzlehttp/promises": "^1.0",
                "guzzlehttp/psr7": "^1.6.1",
                "php": ">=5.5",
                "symfony/polyfill-intl-idn": "^1.17.0"
            },
            "require-dev": {
                "ext-curl": "*",
                "phpunit/phpunit": "^4.8.35 || ^5.7 || ^6.4 || ^7.0",
                "psr/log": "^1.1"
            },
            "suggest": {
                "psr/log": "Required for using the Log middleware"
            },
            "type": "library",
            "extra": {
                "branch-alias": {
                    "dev-master": "6.5-dev"
                }
            },
            "autoload": {
                "psr-4": {
                    "GuzzleHttp\\": "src/"
                },
                "files": [
                    "src/functions_include.php"
                ]
            },
            "notification-url": "https://packagist.org/downloads/",
            "license": [
                "MIT"
            ],
            "authors": [
                {
                    "name": "Michael Dowling",
                    "email": "mtdowling@gmail.com",
                    "homepage": "https://github.com/mtdowling"
                }
            ],
            "description": "Guzzle is a PHP HTTP client library",
            "homepage": "http://guzzlephp.org/",
            "keywords": [
                "client",
                "curl",
                "framework",
                "http",
                "http client",
                "rest",
                "web service"
            ],
            "support": {
                "issues": "https://github.com/guzzle/guzzle/issues",
                "source": "https://github.com/guzzle/guzzle/tree/6.5"
            },
            "funding": [
                {
                    "url": "https://github.com/GrahamCampbell",
                    "type": "github"
                },
                {
                    "url": "https://github.com/Nyholm",
                    "type": "github"
                },
                {
                    "url": "https://github.com/alexeyshockov",
                    "type": "github"
                },
                {
                    "url": "https://github.com/gmponos",
                    "type": "github"
                },
                {
                    "url": "https://github.com/sagikazarmark",
                    "type": "github"
                }
            ],
            "time": "2020-07-02T06:52:04+00:00"
        },
        {
            "name": "guzzlehttp/promises",
            "version": "dev-master",
            "source": {
                "type": "git",
                "url": "https://github.com/guzzle/promises.git",
                "reference": "ddfeedfff2a52661429437da0702979f708e6ac6"
            },
            "dist": {
                "type": "zip",
                "url": "https://api.github.com/repos/guzzle/promises/zipball/ddfeedfff2a52661429437da0702979f708e6ac6",
                "reference": "ddfeedfff2a52661429437da0702979f708e6ac6",
                "shasum": ""
            },
            "require": {
                "php": ">=5.5"
            },
            "require-dev": {
                "symfony/phpunit-bridge": "^4.4 || ^5.1"
            },
            "default-branch": true,
            "type": "library",
            "extra": {
                "branch-alias": {
                    "dev-master": "1.4-dev"
                }
            },
            "autoload": {
                "psr-4": {
                    "GuzzleHttp\\Promise\\": "src/"
                },
                "files": [
                    "src/functions_include.php"
                ]
            },
            "notification-url": "https://packagist.org/downloads/",
            "license": [
                "MIT"
            ],
            "authors": [
                {
                    "name": "Michael Dowling",
                    "email": "mtdowling@gmail.com",
                    "homepage": "https://github.com/mtdowling"
                }
            ],
            "description": "Guzzle promises library",
            "keywords": [
                "promise"
            ],
            "support": {
                "issues": "https://github.com/guzzle/promises/issues",
                "source": "https://github.com/guzzle/promises/tree/master"
            },
            "time": "2020-10-19T16:50:15+00:00"
        },
        {
            "name": "guzzlehttp/psr7",
            "version": "1.x-dev",
            "source": {
                "type": "git",
                "url": "https://github.com/guzzle/psr7.git",
                "reference": "f47ece9e6e8ce74e3be04bef47f46061dc18c095"
            },
            "dist": {
                "type": "zip",
                "url": "https://api.github.com/repos/guzzle/psr7/zipball/f47ece9e6e8ce74e3be04bef47f46061dc18c095",
                "reference": "f47ece9e6e8ce74e3be04bef47f46061dc18c095",
                "shasum": ""
            },
            "require": {
                "php": ">=5.4.0",
                "psr/http-message": "~1.0",
                "ralouphie/getallheaders": "^2.0.5 || ^3.0.0"
            },
            "provide": {
                "psr/http-message-implementation": "1.0"
            },
            "require-dev": {
                "ext-zlib": "*",
                "phpunit/phpunit": "~4.8.36 || ^5.7.27 || ^6.5.14 || ^7.5.20 || ^8.5.8 || ^9.3.10"
            },
            "suggest": {
                "laminas/laminas-httphandlerrunner": "Emit PSR-7 responses"
            },
            "type": "library",
            "extra": {
                "branch-alias": {
                    "dev-master": "1.7-dev"
                }
            },
            "autoload": {
                "psr-4": {
                    "GuzzleHttp\\Psr7\\": "src/"
                },
                "files": [
                    "src/functions_include.php"
                ]
            },
            "notification-url": "https://packagist.org/downloads/",
            "license": [
                "MIT"
            ],
            "authors": [
                {
                    "name": "Michael Dowling",
                    "email": "mtdowling@gmail.com",
                    "homepage": "https://github.com/mtdowling"
                },
                {
                    "name": "Tobias Schultze",
                    "homepage": "https://github.com/Tobion"
                }
            ],
            "description": "PSR-7 message implementation that also provides common utility methods",
            "keywords": [
                "http",
                "message",
                "psr-7",
                "request",
                "response",
                "stream",
                "uri",
                "url"
            ],
            "support": {
                "issues": "https://github.com/guzzle/psr7/issues",
                "source": "https://github.com/guzzle/psr7/tree/1.x"
            },
            "time": "2020-12-08T11:45:39+00:00"
        },
        {
            "name": "lessmore92/base-x",
            "version": "v1.0.3",
            "source": {
                "type": "git",
                "url": "https://github.com/lessmore92/base-x.git",
                "reference": "2867d29ef4d3850e2d532d2e543f8303cfdcf80e"
            },
            "dist": {
                "type": "zip",
                "url": "https://api.github.com/repos/lessmore92/base-x/zipball/2867d29ef4d3850e2d532d2e543f8303cfdcf80e",
                "reference": "2867d29ef4d3850e2d532d2e543f8303cfdcf80e",
                "shasum": ""
            },
            "require": {
                "lessmore92/buffer": "v1.0.0",
                "php": ">=7"
            },
            "type": "library",
            "autoload": {
                "psr-4": {
                    "Lessmore92\\BaseX\\": "src/"
                }
            },
            "notification-url": "https://packagist.org/downloads/",
            "license": [
                "MIT"
            ],
            "authors": [
                {
                    "name": "Lessmore92",
                    "email": "bahramisoft@gmail.com"
                }
            ],
            "description": "Encode/decode any base",
            "keywords": [
                "base",
                "base-x",
                "base58",
                "base62",
                "bitcoin",
                "crypto",
                "crytography",
                "decode",
                "decoding",
                "encode",
                "encoding",
                "ethereum",
                "ripple"
            ],
            "support": {
                "issues": "https://github.com/lessmore92/base-x/issues",
                "source": "https://github.com/lessmore92/base-x/tree/v1.0.3"
            },
            "time": "2021-01-11T12:11:54+00:00"
        },
        {
            "name": "lessmore92/buffer",
            "version": "v1.0.0",
            "source": {
                "type": "git",
                "url": "https://github.com/lessmore92/Buffer.git",
                "reference": "735337066decb5fa8769359b40bfb0ccd9086d67"
            },
            "dist": {
                "type": "zip",
                "url": "https://api.github.com/repos/lessmore92/Buffer/zipball/735337066decb5fa8769359b40bfb0ccd9086d67",
                "reference": "735337066decb5fa8769359b40bfb0ccd9086d67",
                "shasum": ""
            },
            "require": {
                "php-64bit": ">=7.0.0"
            },
            "type": "library",
            "autoload": {
                "psr-4": {
                    "Lessmore92\\Buffer\\": "src/"
                }
            },
            "notification-url": "https://packagist.org/downloads/",
            "license": [
                "MIT"
            ],
            "authors": [
                {
                    "name": "Lessmore92",
                    "email": "bahramisoft@gmail.com"
                }
            ],
            "description": "Toolbox for working with binary and hex data",
            "keywords": [
                "Buffer",
                "binary",
                "hex",
                "nodejs-buffer",
                "php-buffer"
            ],
            "support": {
                "issues": "https://github.com/lessmore92/Buffer/issues",
                "source": "https://github.com/lessmore92/Buffer/tree/v1.0.0"
            },
            "time": "2021-01-11T11:55:50+00:00"
        },
        {
            "name": "lessmore92/php-ripple-address-codec",
            "version": "v1.0.1",
            "source": {
                "type": "git",
                "url": "https://github.com/lessmore92/php-ripple-address-codec.git",
                "reference": "b09681f3e3ba66ada4453520a976e284a8499e99"
            },
            "dist": {
                "type": "zip",
                "url": "https://api.github.com/repos/lessmore92/php-ripple-address-codec/zipball/b09681f3e3ba66ada4453520a976e284a8499e99",
                "reference": "b09681f3e3ba66ada4453520a976e284a8499e99",
                "shasum": ""
            },
            "require": {
                "lessmore92/base-x": "v1.0.3",
                "lessmore92/buffer": "v1.0.0",
                "php": ">7"
            },
            "type": "library",
            "autoload": {
                "psr-4": {
                    "Lessmore92\\RippleAddressCodec\\": "src/"
                }
            },
            "notification-url": "https://packagist.org/downloads/",
            "license": [
                "MIT"
            ],
            "authors": [
                {
                    "name": "Lessmore92",
                    "email": "bahramisoft@gmail.com"
                }
            ],
            "description": "Library for encoding and decoding XRP Ledger addresses and seeds.",
            "keywords": [
                "decoding",
                "encoding",
                "ripple-address",
                "ripple-x-address",
                "x-address",
                "xaddress",
                "xrp",
                "xrp-ledger"
            ],
            "support": {
                "issues": "https://github.com/lessmore92/php-ripple-address-codec/issues",
                "source": "https://github.com/lessmore92/php-ripple-address-codec/tree/v1.0.1"
            },
            "time": "2021-01-16T22:30:46+00:00"
        },
        {
            "name": "lessmore92/php-ripple-binary-codec",
            "version": "v1.0.0",
            "source": {
                "type": "git",
                "url": "https://github.com/lessmore92/php-ripple-binary-codec.git",
                "reference": "419293ca5e592093aae68429e1d2bddbf0afbb13"
            },
            "dist": {
                "type": "zip",
                "url": "https://api.github.com/repos/lessmore92/php-ripple-binary-codec/zipball/419293ca5e592093aae68429e1d2bddbf0afbb13",
                "reference": "419293ca5e592093aae68429e1d2bddbf0afbb13",
                "shasum": ""
            },
            "require": {
                "lessmore92/buffer": "v1.0.0",
                "lessmore92/php-ripple-address-codec": "v1.0.1",
                "php": ">7",
                "simplito/bn-php": "~1.1.0"
            },
            "type": "library",
            "autoload": {
                "psr-4": {
                    "Lessmore92\\RippleBinaryCodec\\": "src/"
                }
            },
            "notification-url": "https://packagist.org/downloads/",
            "license": [
                "MIT"
            ],
            "authors": [
                {
                    "name": "Lessmore92",
                    "email": "bahramisoft@gmail.com"
                }
            ],
            "description": "PHP API for interacting with the XRP Ledger",
            "keywords": [
                "ripple",
                "ripple-tx-signing",
                "transaction-signing",
                "xrp",
                "xrp-ledger"
            ],
            "support": {
                "issues": "https://github.com/lessmore92/php-ripple-binary-codec/issues",
                "source": "https://github.com/lessmore92/php-ripple-binary-codec/tree/v1.0.0"
            },
            "time": "2021-01-18T18:47:04+00:00"
        },
        {
            "name": "lessmore92/php-ripple-keypairs",
            "version": "v1.0.0",
            "source": {
                "type": "git",
                "url": "https://github.com/lessmore92/php-ripple-keypairs.git",
                "reference": "b1b85fbfadb260a79240727a8e82fd9f1ab67faf"
            },
            "dist": {
                "type": "zip",
                "url": "https://api.github.com/repos/lessmore92/php-ripple-keypairs/zipball/b1b85fbfadb260a79240727a8e82fd9f1ab67faf",
                "reference": "b1b85fbfadb260a79240727a8e82fd9f1ab67faf",
                "shasum": ""
            },
            "require": {
                "lessmore92/buffer": "v1.0.0",
                "lessmore92/php-ripple-address-codec": "v1.0.1",
                "php": ">7",
                "simplito/bn-php": "~1.1.0",
                "simplito/elliptic-php": "^1.0"
            },
            "type": "library",
            "autoload": {
                "psr-4": {
                    "Lessmore92\\RippleKeypairs\\": "src/"
                }
            },
            "notification-url": "https://packagist.org/downloads/",
            "license": [
                "MIT"
            ],
            "authors": [
                {
                    "name": "Lessmore92",
                    "email": "bahramisoft@gmail.com"
                }
            ],
            "description": "Generate and use keypairs and addresses for the XRP Ledger using elliptic (PHP)",
            "keywords": [
                "ripple",
                "ripple-keypair",
                "ripple-privatekey",
                "ripple-seed",
                "xrp",
                "xrp-ledger",
                "xrpl"
            ],
            "support": {
                "issues": "https://github.com/lessmore92/php-ripple-keypairs/issues",
                "source": "https://github.com/lessmore92/php-ripple-keypairs/tree/v1.0.0"
            },
            "time": "2021-01-18T18:46:09+00:00"
        },
        {
            "name": "psr/http-message",
            "version": "dev-master",
            "source": {
                "type": "git",
                "url": "https://github.com/php-fig/http-message.git",
                "reference": "efd67d1dc14a7ef4fc4e518e7dee91c271d524e4"
            },
            "dist": {
                "type": "zip",
                "url": "https://api.github.com/repos/php-fig/http-message/zipball/efd67d1dc14a7ef4fc4e518e7dee91c271d524e4",
                "reference": "efd67d1dc14a7ef4fc4e518e7dee91c271d524e4",
                "shasum": ""
            },
            "require": {
                "php": ">=5.3.0"
            },
            "default-branch": true,
            "type": "library",
            "extra": {
                "branch-alias": {
                    "dev-master": "1.0.x-dev"
                }
            },
            "autoload": {
                "psr-4": {
                    "Psr\\Http\\Message\\": "src/"
                }
            },
            "notification-url": "https://packagist.org/downloads/",
            "license": [
                "MIT"
            ],
            "authors": [
                {
                    "name": "PHP-FIG",
                    "homepage": "http://www.php-fig.org/"
                }
            ],
            "description": "Common interface for HTTP messages",
            "homepage": "https://github.com/php-fig/http-message",
            "keywords": [
                "http",
                "http-message",
                "psr",
                "psr-7",
                "request",
                "response"
            ],
            "support": {
                "source": "https://github.com/php-fig/http-message/tree/master"
            },
            "time": "2019-08-29T13:16:46+00:00"
        },
        {
            "name": "ralouphie/getallheaders",
            "version": "3.0.3",
            "source": {
                "type": "git",
                "url": "https://github.com/ralouphie/getallheaders.git",
                "reference": "120b605dfeb996808c31b6477290a714d356e822"
            },
            "dist": {
                "type": "zip",
                "url": "https://api.github.com/repos/ralouphie/getallheaders/zipball/120b605dfeb996808c31b6477290a714d356e822",
                "reference": "120b605dfeb996808c31b6477290a714d356e822",
                "shasum": ""
            },
            "require": {
                "php": ">=5.6"
            },
            "require-dev": {
                "php-coveralls/php-coveralls": "^2.1",
                "phpunit/phpunit": "^5 || ^6.5"
            },
            "type": "library",
            "autoload": {
                "files": [
                    "src/getallheaders.php"
                ]
            },
            "notification-url": "https://packagist.org/downloads/",
            "license": [
                "MIT"
            ],
            "authors": [
                {
                    "name": "Ralph Khattar",
                    "email": "ralph.khattar@gmail.com"
                }
            ],
            "description": "A polyfill for getallheaders.",
            "support": {
                "issues": "https://github.com/ralouphie/getallheaders/issues",
                "source": "https://github.com/ralouphie/getallheaders/tree/develop"
            },
            "time": "2019-03-08T08:55:37+00:00"
        },
        {
            "name": "simplito/bigint-wrapper-php",
            "version": "1.0.0",
            "source": {
                "type": "git",
                "url": "https://github.com/simplito/bigint-wrapper-php.git",
                "reference": "cf21ec76d33f103add487b3eadbd9f5033a25930"
            },
            "dist": {
                "type": "zip",
                "url": "https://api.github.com/repos/simplito/bigint-wrapper-php/zipball/cf21ec76d33f103add487b3eadbd9f5033a25930",
                "reference": "cf21ec76d33f103add487b3eadbd9f5033a25930",
                "shasum": ""
            },
            "type": "library",
            "autoload": {
                "psr-4": {
                    "BI\\": "lib/"
                }
            },
            "notification-url": "https://packagist.org/downloads/",
            "license": [
                "MIT"
            ],
            "authors": [
                {
                    "name": "Simplito Team",
                    "email": "s.smyczynski@simplito.com",
                    "homepage": "https://simplito.com"
                }
            ],
            "description": "Common interface for php_gmp and php_bcmath modules",
            "support": {
                "issues": "https://github.com/simplito/bigint-wrapper-php/issues",
                "source": "https://github.com/simplito/bigint-wrapper-php/tree/1.0.0"
            },
            "time": "2018-02-27T12:38:08+00:00"
        },
        {
            "name": "simplito/bn-php",
            "version": "1.1.2",
            "source": {
                "type": "git",
                "url": "https://github.com/simplito/bn-php.git",
                "reference": "e852fcd27e4acbc32459606d7606e45a85e42465"
            },
            "dist": {
                "type": "zip",
                "url": "https://api.github.com/repos/simplito/bn-php/zipball/e852fcd27e4acbc32459606d7606e45a85e42465",
                "reference": "e852fcd27e4acbc32459606d7606e45a85e42465",
                "shasum": ""
            },
            "require": {
                "simplito/bigint-wrapper-php": "~1.0.0"
            },
            "require-dev": {
                "phpunit/phpunit": "*"
            },
            "type": "library",
            "autoload": {
                "psr-4": {
                    "BN\\": "lib/"
                }
            },
            "notification-url": "https://packagist.org/downloads/",
            "license": [
                "MIT"
            ],
            "authors": [
                {
                    "name": "Simplito Team",
                    "email": "s.smyczynski@simplito.com",
                    "homepage": "https://simplito.com"
                }
            ],
            "description": "Big number implementation compatible with bn.js",
            "support": {
                "issues": "https://github.com/simplito/bn-php/issues",
                "source": "https://github.com/simplito/bn-php/tree/1.1.2"
            },
            "time": "2018-04-12T11:07:43+00:00"
        },
        {
            "name": "simplito/elliptic-php",
            "version": "1.0.7",
            "source": {
                "type": "git",
                "url": "https://github.com/simplito/elliptic-php.git",
                "reference": "a2612c8289270bd00086d1c070efc3fca9d7abce"
            },
            "dist": {
                "type": "zip",
                "url": "https://api.github.com/repos/simplito/elliptic-php/zipball/a2612c8289270bd00086d1c070efc3fca9d7abce",
                "reference": "a2612c8289270bd00086d1c070efc3fca9d7abce",
                "shasum": ""
            },
            "require": {
                "ext-gmp": "*",
                "simplito/bn-php": "~1.1.0"
            },
            "require-dev": {
                "phpbench/phpbench": "@dev",
                "phpunit/phpunit": "*"
            },
            "type": "library",
            "autoload": {
                "psr-4": {
                    "Elliptic\\": "lib/"
                }
            },
            "notification-url": "https://packagist.org/downloads/",
            "license": [
                "MIT"
            ],
            "authors": [
                {
                    "name": "Simplito Team",
                    "email": "s.smyczynski@simplito.com",
                    "homepage": "https://simplito.com"
                }
            ],
            "description": "Fast elliptic curve cryptography",
            "homepage": "https://github.com/simplito/elliptic-php",
            "keywords": [
                "Curve25519",
                "ECDSA",
                "Ed25519",
                "EdDSA",
                "cryptography",
                "curve",
                "ecc",
                "ecdh",
                "elliptic",
                "nistp192",
                "nistp224",
                "nistp256",
                "nistp384",
                "nistp521",
                "secp256k1"
            ],
            "support": {
                "issues": "https://github.com/simplito/elliptic-php/issues",
                "source": "https://github.com/simplito/elliptic-php/tree/1.0.7"
            },
            "time": "2021-01-12T11:40:37+00:00"
        },
        {
            "name": "symfony/polyfill-intl-idn",
            "version": "dev-main",
            "source": {
                "type": "git",
                "url": "https://github.com/symfony/polyfill-intl-idn.git",
                "reference": "0eb8293dbbcd6ef6bf81404c9ce7d95bcdf34f44"
            },
            "dist": {
                "type": "zip",
                "url": "https://api.github.com/repos/symfony/polyfill-intl-idn/zipball/0eb8293dbbcd6ef6bf81404c9ce7d95bcdf34f44",
                "reference": "0eb8293dbbcd6ef6bf81404c9ce7d95bcdf34f44",
                "shasum": ""
            },
            "require": {
                "php": ">=7.1",
                "symfony/polyfill-intl-normalizer": "^1.10",
                "symfony/polyfill-php72": "^1.10"
            },
            "suggest": {
                "ext-intl": "For best performance"
            },
            "default-branch": true,
            "type": "library",
            "extra": {
                "branch-alias": {
                    "dev-main": "1.22-dev"
                },
                "thanks": {
                    "name": "symfony/polyfill",
                    "url": "https://github.com/symfony/polyfill"
                }
            },
            "autoload": {
                "psr-4": {
                    "Symfony\\Polyfill\\Intl\\Idn\\": ""
                },
                "files": [
                    "bootstrap.php"
                ]
            },
            "notification-url": "https://packagist.org/downloads/",
            "license": [
                "MIT"
            ],
            "authors": [
                {
                    "name": "Laurent Bassin",
                    "email": "laurent@bassin.info"
                },
                {
                    "name": "Trevor Rowbotham",
                    "email": "trevor.rowbotham@pm.me"
                },
                {
                    "name": "Symfony Community",
                    "homepage": "https://symfony.com/contributors"
                }
            ],
            "description": "Symfony polyfill for intl's idn_to_ascii and idn_to_utf8 functions",
            "homepage": "https://symfony.com",
            "keywords": [
                "compatibility",
                "idn",
                "intl",
                "polyfill",
                "portable",
                "shim"
            ],
            "support": {
                "source": "https://github.com/symfony/polyfill-intl-idn/tree/v1.22.0"
            },
            "funding": [
                {
                    "url": "https://symfony.com/sponsor",
                    "type": "custom"
                },
                {
                    "url": "https://github.com/fabpot",
                    "type": "github"
                },
                {
                    "url": "https://tidelift.com/funding/github/packagist/symfony/symfony",
                    "type": "tidelift"
                }
            ],
            "time": "2021-01-07T16:49:33+00:00"
        },
        {
            "name": "symfony/polyfill-intl-normalizer",
            "version": "dev-main",
            "source": {
                "type": "git",
                "url": "https://github.com/symfony/polyfill-intl-normalizer.git",
                "reference": "6e971c891537eb617a00bb07a43d182a6915faba"
            },
            "dist": {
                "type": "zip",
                "url": "https://api.github.com/repos/symfony/polyfill-intl-normalizer/zipball/6e971c891537eb617a00bb07a43d182a6915faba",
                "reference": "6e971c891537eb617a00bb07a43d182a6915faba",
                "shasum": ""
            },
            "require": {
                "php": ">=7.1"
            },
            "suggest": {
                "ext-intl": "For best performance"
            },
            "default-branch": true,
            "type": "library",
            "extra": {
                "branch-alias": {
                    "dev-main": "1.22-dev"
                },
                "thanks": {
                    "name": "symfony/polyfill",
                    "url": "https://github.com/symfony/polyfill"
                }
            },
            "autoload": {
                "psr-4": {
                    "Symfony\\Polyfill\\Intl\\Normalizer\\": ""
                },
                "files": [
                    "bootstrap.php"
                ],
                "classmap": [
                    "Resources/stubs"
                ]
            },
            "notification-url": "https://packagist.org/downloads/",
            "license": [
                "MIT"
            ],
            "authors": [
                {
                    "name": "Nicolas Grekas",
                    "email": "p@tchwork.com"
                },
                {
                    "name": "Symfony Community",
                    "homepage": "https://symfony.com/contributors"
                }
            ],
            "description": "Symfony polyfill for intl's Normalizer class and related functions",
            "homepage": "https://symfony.com",
            "keywords": [
                "compatibility",
                "intl",
                "normalizer",
                "polyfill",
                "portable",
                "shim"
            ],
            "support": {
                "source": "https://github.com/symfony/polyfill-intl-normalizer/tree/v1.22.0"
            },
            "funding": [
                {
                    "url": "https://symfony.com/sponsor",
                    "type": "custom"
                },
                {
                    "url": "https://github.com/fabpot",
                    "type": "github"
                },
                {
                    "url": "https://tidelift.com/funding/github/packagist/symfony/symfony",
                    "type": "tidelift"
                }
            ],
            "time": "2021-01-07T17:09:11+00:00"
        },
        {
            "name": "symfony/polyfill-php72",
            "version": "dev-main",
            "source": {
                "type": "git",
                "url": "https://github.com/symfony/polyfill-php72.git",
                "reference": "cc6e6f9b39fe8075b3dabfbaf5b5f645ae1340c9"
            },
            "dist": {
                "type": "zip",
                "url": "https://api.github.com/repos/symfony/polyfill-php72/zipball/cc6e6f9b39fe8075b3dabfbaf5b5f645ae1340c9",
                "reference": "cc6e6f9b39fe8075b3dabfbaf5b5f645ae1340c9",
                "shasum": ""
            },
            "require": {
                "php": ">=7.1"
            },
            "default-branch": true,
            "type": "library",
            "extra": {
                "branch-alias": {
                    "dev-main": "1.22-dev"
                },
                "thanks": {
                    "name": "symfony/polyfill",
                    "url": "https://github.com/symfony/polyfill"
                }
            },
            "autoload": {
                "psr-4": {
                    "Symfony\\Polyfill\\Php72\\": ""
                },
                "files": [
                    "bootstrap.php"
                ]
            },
            "notification-url": "https://packagist.org/downloads/",
            "license": [
                "MIT"
            ],
            "authors": [
                {
                    "name": "Nicolas Grekas",
                    "email": "p@tchwork.com"
                },
                {
                    "name": "Symfony Community",
                    "homepage": "https://symfony.com/contributors"
                }
            ],
            "description": "Symfony polyfill backporting some PHP 7.2+ features to lower PHP versions",
            "homepage": "https://symfony.com",
            "keywords": [
                "compatibility",
                "polyfill",
                "portable",
                "shim"
            ],
            "support": {
                "source": "https://github.com/symfony/polyfill-php72/tree/v1.22.0"
            },
            "funding": [
                {
                    "url": "https://symfony.com/sponsor",
                    "type": "custom"
                },
                {
                    "url": "https://github.com/fabpot",
                    "type": "github"
                },
                {
                    "url": "https://tidelift.com/funding/github/packagist/symfony/symfony",
                    "type": "tidelift"
                }
            ],
            "time": "2021-01-07T16:49:33+00:00"
        }
    ],
    "packages-dev": [],
    "aliases": [],
    "minimum-stability": "dev",
    "stability-flags": [],
    "prefer-stable": false,
    "prefer-lowest": false,
    "platform": {
        "php": ">7"
    },
    "platform-dev": [],
    "plugin-api-version": "2.0.0"
}
